
Microsoft Visual Studio Solution File, Format Version 12.00
# Visual Studio Version 16
VisualStudioVersion = 16.0.30320.27
MinimumVisualStudioVersion = 10.0.40219.1
Project("{888888A0-9F3D-457C-B088-3A5042F75D52}") = "Lab3_Python", "Lab3_Python\Lab3_Python.pyproj", "{9A529387-44CE-48C3-9AB9-95D66AFFE38A}"
EndProject
Project("{8BC9CEB8-8B4A-11D0-8D11-00A0C91BC942}") = "Lab3_Cpp", "Lab3_Cpp\Lab3_Cpp.vcxproj", "{CF864475-BE51-4453-BEDE-1DE267760E61}"
EndProject
Global
	GlobalSection(SolutionConfigurationPlatforms) = preSolution
		Debug|Any CPU = Debug|Any CPU
		Debug|x64 = Debug|x64
		Debug|x86 = Debug|x86
		Release|Any CPU = Release|Any CPU
		Release|x64 = Release|x64
		Release|x86 = Release|x86
	EndGlobalSection
	GlobalSection(ProjectConfigurationPlatforms) = postSolution
		{9A529387-44CE-48C3-9AB9-95D66AFFE38A}.Debug|Any CPU.ActiveCfg = Debug|Any CPU
		{9A529387-44CE-48C3-9AB9-95D66AFFE38A}.Debug|x64.ActiveCfg = Debug|Any CPU
		{9A529387-44CE-48C3-9AB9-95D66AFFE38A}.Debug|x86.ActiveCfg = Debug|Any CPU
		{9A529387-44CE-48C3-9AB9-95D66AFFE38A}.Release|Any CPU.ActiveCfg = Release|Any CPU
		{9A529387-44CE-48C3-9AB9-95D66AFFE38A}.Release|x64.ActiveCfg = Release|Any CPU
		{9A529387-44CE-48C3-9AB9-95D66AFFE38A}.Release|x86.ActiveCfg = Release|Any CPU
		{CF864475-BE51-4453-BEDE-1DE267760E61}.Debug|Any CPU.ActiveCfg = Debug|Win32
		{CF864475-BE51-4453-BEDE-1DE267760E61}.Debug|x64.ActiveCfg = Debug|x64
		{CF864475-BE51-4453-BEDE-1DE267760E61}.Debug|x64.Build.0 = Debug|x64
		{CF864475-BE51-4453-BEDE-1DE267760E61}.Debug|x86.ActiveCfg = Debug|Win32
		{CF864475-BE51-4453-BEDE-1DE267760E61}.Debug|x86.Build.0 = Debug|Win32
		{CF864475-BE51-4453-BEDE-1DE267760E61}.Release|Any CPU.ActiveCfg = Release|Win32
		{CF864475-BE51-4453-BEDE-1DE267760E61}.Release|x64.ActiveCfg = Release|x64
		{CF864475-BE51-4453-BEDE-1DE267760E61}.Release|x64.Build.0 = Release|x64
		{CF864475-BE51-4453-BEDE-1DE267760E61}.Release|x86.ActiveCfg = Release|Win32
		{CF864475-BE51-4453-BEDE-1DE267760E61}.Release|x86.Build.0 = Release|Win32
	EndGlobalSection
	GlobalSection(SolutionProperties) = preSolution
		HideSolutionNode = FALSE
	EndGlobalSection
	GlobalSection(ExtensibilityGlobals) = postSolution
		SolutionGuid = {7D1EB970-7D89-4CD4-BCF7-C75F5CF4A90C}
	EndGlobalSection
EndGlobal
